PODS:
  - ImageZoomViewPW (1.0.0)

DEPENDENCIES:
  - ImageZoomViewPW (from `https://github.com/pierre-wehbe/ImageZoomViewPW.git`, tag `1.0.3`)

EXTERNAL SOURCES:
  ImageZoomViewPW:
    :git: https://github.com/pierre-wehbe/ImageZoomViewPW.git
    :tag: 1.0.3

CHECKOUT OPTIONS:
  ImageZoomViewPW:
    :git: https://github.com/pierre-wehbe/ImageZoomViewPW.git
    :tag: 1.0.3

SPEC CHECKSUMS:
  ImageZoomViewPW: 34a17a006a171faa73d32ccf0a91c755c9160737

PODFILE CHECKSUM: 7accb8ac31c9cd2c2862ffb1635c68f60badaf5f

COCOAPODS: 1.5.3
